{
  "nodes": {
    "flake-utils": {
      "locked": {
        "lastModified": 1667395993,
        "narHash": "sha256-nuEHfE/LcWyuSWnS8t12N1wc105Qtau+/OdUAjtQ0rA=",
        "owner": "numtide",
        "repo": "flake-utils",
        "rev": "5aed5285a952e0b949eb3ba02c12fa4fcfef535f",
        "type": "github"
      },
      "original": {
        "owner": "numtide",
        "repo": "flake-utils",
        "type": "github"
      }
    },
    "neovim": {
      "flake": false,
      "locked": {
        "lastModified": 1672330330,
        "narHash": "sha256-eqiH/K8w0FZNHLBBMjiTSQjNQyONqcx3X+d85gPnFJg=",
        "ref": "release-0.8",
        "rev": "1fa917f9a1585e3b87d41edaf74415505d1bceac",
        "revCount": 23339,
        "type": "git",
        "url": "https://github.com/neovim/neovim"
      },
      "original": {
        "ref": "release-0.8",
        "rev": "1fa917f9a1585e3b87d41edaf74415505d1bceac",
        "type": "git",
        "url": "https://github.com/neovim/neovim"
      }
    },
    "nixpkgs": {
      "locked": {
        "lastModified": 1674956471,
        "narHash": "sha256-BsowghxzKrWokbR2iCMQRngNg0lW+dbl4f04h+ONV2I=",
        "owner": "nixos",
        "repo": "nixpkgs",
        "rev": "0e6800f7ecf98dad97c0aa77ce3c19dacf5de119",
        "type": "github"
      },
      "original": {
        "owner": "nixos",
        "repo": "nixpkgs",
        "type": "github"
      }
    },
    "plenary": {
      "flake": false,
      "locked": {
        "lastModified": 1673030871,
        "narHash": "sha256-7EsquOLB7gfN2itfGFJZYKwEXBmP0xMKEOdyyjOweHg=",
        "owner": "nvim-lua",
        "repo": "plenary.nvim",
        "rev": "9d81624fbcedd3dd43b38d7e13a1e7b3f873d8cd",
        "type": "github"
      },
      "original": {
        "owner": "nvim-lua",
        "ref": "v0.1.2",
        "repo": "plenary.nvim",
        "type": "github"
      }
    },
    "root": {
      "inputs": {
        "flake-utils": "flake-utils",
        "neovim": "neovim",
        "nixpkgs": "nixpkgs",
        "plenary": "plenary",
        "telescope": "telescope"
      }
    },
    "telescope": {
      "flake": false,
      "locked": {
        "lastModified": 1674378568,
        "narHash": "sha256-SS7dh5bIsGVM3xSrr2a6BoSq18Q5PJ4vtF0I/AFmgKo=",
        "owner": "nvim-telescope",
        "repo": "telescope.nvim",
        "rev": "a1bd6866b539afdaa25305626c7aa6049b805d67",
        "type": "github"
      },
      "original": {
        "owner": "nvim-telescope",
        "ref": "0.1.x",
        "repo": "telescope.nvim",
        "type": "github"
      }
    }
  },
  "root": "root",
  "version": 7
}
