{
  "nodes": {
    "catppuccin": {
      "flake": false,
      "locked": {
        "lastModified": 1706700425,
        "narHash": "sha256-qeakoy8iFMqm10rOG62b8se9Ix+6xUD18hBvXhkrMdY=",
        "owner": "catppuccin",
        "repo": "nvim",
        "rev": "c2034f7b549152e5cc757820426341ea5000bc7a",
        "type": "github"
      },
      "original": {
        "owner": "catppuccin",
        "repo": "nvim",
        "type": "github"
      }
    },
    "cmp_luasnip": {
      "flake": false,
      "locked": {
        "lastModified": 1696878902,
        "narHash": "sha256-nUJJl2zyK/oSwz5RzI9j3gf9zpDfCImCYbPbVsyXgz8=",
        "owner": "saadparwaiz1",
        "repo": "cmp_luasnip",
        "rev": "05a9ab28b53f71d1aece421ef32fee2cb857a843",
        "type": "github"
      },
      "original": {
        "owner": "saadparwaiz1",
        "repo": "cmp_luasnip",
        "type": "github"
      }
    },
    "dracula": {
      "flake": false,
      "locked": {
        "lastModified": 1705994462,
        "narHash": "sha256-yGV/bA7+Xi+LBi4Iz/SZDVl0KWoo+IO9kgfSIgTk0Ow=",
        "owner": "Mofiqul",
        "repo": "dracula.nvim",
        "rev": "a6cb758d4b182d9f2b7e742910078d94877c1059",
        "type": "github"
      },
      "original": {
        "owner": "Mofiqul",
        "repo": "dracula.nvim",
        "type": "github"
      }
    },
    "everforest": {
      "flake": false,
      "locked": {
        "lastModified": 1707564071,
        "narHash": "sha256-t6OJvf81p1vTrXYKlady2kOr9hV1mECpocOD3gi4El0=",
        "owner": "sainnhe",
        "repo": "everforest",
        "rev": "4ce8ea3588265dd7d82113d3a937f53c59685164",
        "type": "github"
      },
      "original": {
        "owner": "sainnhe",
        "repo": "everforest",
        "type": "github"
      }
    },
    "flake-utils": {
      "inputs": {
        "systems": "systems"
      },
      "locked": {
        "lastModified": 1705309234,
        "narHash": "sha256-uNRRNRKmJyCRC/8y1RqBkqWBLM034y4qN7EprSdmgyA=",
        "owner": "numtide",
        "repo": "flake-utils",
        "rev": "1ef2e671c3b0c19053962c07dbda38332dcebf26",
        "type": "github"
      },
      "original": {
        "owner": "numtide",
        "repo": "flake-utils",
        "type": "github"
      }
    },
    "lspkind": {
      "flake": false,
      "locked": {
        "lastModified": 1704982040,
        "narHash": "sha256-/QLdBU/Zwmkw1NGuLBD48tvrmIP9d9WHhgcLEQgRTWo=",
        "owner": "onsails",
        "repo": "lspkind.nvim",
        "rev": "1735dd5a5054c1fb7feaf8e8658dbab925f4f0cf",
        "type": "github"
      },
      "original": {
        "owner": "onsails",
        "repo": "lspkind.nvim",
        "type": "github"
      }
    },
    "luasnip": {
      "flake": false,
      "locked": {
        "lastModified": 1674809669,
        "narHash": "sha256-6NJPOu5f5ycu9l53CZB7prVNj61UaVz706tOrk5c860=",
        "owner": "L3MON4D3",
        "repo": "LuaSnip",
        "rev": "500981ff6cefc7343e3959ef0f939bd0bfd49ba9",
        "type": "github"
      },
      "original": {
        "owner": "L3MON4D3",
        "ref": "v1.2.1",
        "repo": "LuaSnip",
        "type": "github"
      }
    },
    "neovim": {
      "flake": false,
      "locked": {
        "lastModified": 1703942320,
        "narHash": "sha256-CcaBqA0yFCffNPmXOJTo8c9v1jrEBiqAl8CG5Dj5YxE=",
        "owner": "neovim",
        "repo": "neovim",
        "rev": "8744ee8783a8597f9fce4a573ae05aca2f412120",
        "type": "github"
      },
      "original": {
        "owner": "neovim",
        "ref": "v0.9.5",
        "repo": "neovim",
        "type": "github"
      }
    },
    "nixpkgs": {
      "locked": {
        "lastModified": 1707714218,
        "narHash": "sha256-IluNQvD89OkigiK6X5omI78q2xRFe+zUHAfhFpczuHo=",
        "owner": "nixos",
        "repo": "nixpkgs",
        "rev": "4477ea4df78489cd91195df19a324ba46a84ab89",
        "type": "github"
      },
      "original": {
        "owner": "nixos",
        "repo": "nixpkgs",
        "type": "github"
      }
    },
    "nvim-cmp": {
      "flake": false,
      "locked": {
        "lastModified": 1660492545,
        "narHash": "sha256-X31oyHVD5FdE5nQpQoYGS6fwX6zcV5dOw800aQ6xiRg=",
        "owner": "hrsh7th",
        "repo": "nvim-cmp",
        "rev": "983453e32cb35533a119725883c04436d16c0120",
        "type": "github"
      },
      "original": {
        "owner": "hrsh7th",
        "ref": "v0.0.1",
        "repo": "nvim-cmp",
        "type": "github"
      }
    },
    "nvim-cmp-lsp": {
      "flake": false,
      "locked": {
        "lastModified": 1702205473,
        "narHash": "sha256-/0sh9vJBD9pUuD7q3tNSQ1YLvxFMNykdg5eG+LjZAA8=",
        "owner": "hrsh7th",
        "repo": "cmp-nvim-lsp",
        "rev": "5af77f54de1b16c34b23cba810150689a3a90312",
        "type": "github"
      },
      "original": {
        "owner": "hrsh7th",
        "repo": "cmp-nvim-lsp",
        "type": "github"
      }
    },
    "nvim-lspconfig": {
      "flake": false,
      "locked": {
        "lastModified": 1671465698,
        "narHash": "sha256-yYFAqT4XaImry/JUB34GMp60llHWkmTCZl2hdGR148U=",
        "owner": "neovim",
        "repo": "nvim-lspconfig",
        "rev": "22c87d6f48c4fb1daf33476450d0b14a64230809",
        "type": "github"
      },
      "original": {
        "owner": "neovim",
        "ref": "v0.1.4",
        "repo": "nvim-lspconfig",
        "type": "github"
      }
    },
    "nvim-treesitter": {
      "flake": false,
      "locked": {
        "lastModified": 1681121236,
        "narHash": "sha256-iPsPDLhVKJ14iP1/2cCgcY9SCKK/DQz9Y0mQB1DqNiM=",
        "owner": "nvim-treesitter",
        "repo": "nvim-treesitter",
        "rev": "cc360a9beb1b30d172438f640e2c3450358c4086",
        "type": "github"
      },
      "original": {
        "owner": "nvim-treesitter",
        "ref": "v0.9.0",
        "repo": "nvim-treesitter",
        "type": "github"
      }
    },
    "plenary": {
      "flake": false,
      "locked": {
        "lastModified": 1697031827,
        "narHash": "sha256-zR44d9MowLG1lIbvrRaFTpO/HXKKrO6lbtZfvvTdx+o=",
        "owner": "nvim-lua",
        "repo": "plenary.nvim",
        "rev": "50012918b2fc8357b87cff2a7f7f0446e47da174",
        "type": "github"
      },
      "original": {
        "owner": "nvim-lua",
        "ref": "v0.1.4",
        "repo": "plenary.nvim",
        "type": "github"
      }
    },
    "root": {
      "inputs": {
        "catppuccin": "catppuccin",
        "cmp_luasnip": "cmp_luasnip",
        "dracula": "dracula",
        "everforest": "everforest",
        "flake-utils": "flake-utils",
        "lspkind": "lspkind",
        "luasnip": "luasnip",
        "neovim": "neovim",
        "nixpkgs": "nixpkgs",
        "nvim-cmp": "nvim-cmp",
        "nvim-cmp-lsp": "nvim-cmp-lsp",
        "nvim-lspconfig": "nvim-lspconfig",
        "nvim-treesitter": "nvim-treesitter",
        "plenary": "plenary",
        "telescope": "telescope",
        "tokyonight": "tokyonight",
        "vim-fugitive": "vim-fugitive",
        "vim-rescript": "vim-rescript"
      }
    },
    "systems": {
      "locked": {
        "lastModified": 1681028828,
        "narHash": "sha256-Vy1rq5AaRuLzOxct8nz4T6wlgyUR7zLU309k9mBC768=",
        "owner": "nix-systems",
        "repo": "default",
        "rev": "da67096a3b9bf56a91d16901293e51ba5b49a27e",
        "type": "github"
      },
      "original": {
        "owner": "nix-systems",
        "repo": "default",
        "type": "github"
      }
    },
    "telescope": {
      "flake": false,
      "locked": {
        "lastModified": 1701167040,
        "narHash": "sha256-H5RpyWMluE+Yxg7xFX43AZTVW+Yg70DF3FmEGXBUSNg=",
        "owner": "nvim-telescope",
        "repo": "telescope.nvim",
        "rev": "d90956833d7c27e73c621a61f20b29fdb7122709",
        "type": "github"
      },
      "original": {
        "owner": "nvim-telescope",
        "ref": "0.1.5",
        "repo": "telescope.nvim",
        "type": "github"
      }
    },
    "tokyonight": {
      "flake": false,
      "locked": {
        "lastModified": 1706697570,
        "narHash": "sha256-mzCdcf7FINhhVLUIPv/eLohm4qMG9ndRJ5H4sFU2vO0=",
        "owner": "folke",
        "repo": "tokyonight.nvim",
        "rev": "610179f7f12db3d08540b6cc61434db2eaecbcff",
        "type": "github"
      },
      "original": {
        "owner": "folke",
        "repo": "tokyonight.nvim",
        "type": "github"
      }
    },
    "vim-fugitive": {
      "flake": false,
      "locked": {
        "lastModified": 1654578204,
        "narHash": "sha256-JJ/T38rz7vowsv6q4qeEaRDfMGvl9ZMJley54fOvSAI=",
        "owner": "tpope",
        "repo": "vim-fugitive",
        "rev": "96c1009fcf8ce60161cc938d149dd5a66d570756",
        "type": "github"
      },
      "original": {
        "owner": "tpope",
        "ref": "v3.7",
        "repo": "vim-fugitive",
        "type": "github"
      }
    },
    "vim-rescript": {
      "flake": false,
      "locked": {
        "lastModified": 1701197410,
        "narHash": "sha256-JpEO1Zb+mm9dJISriticFmtPeVwZGpUAFv18wV6/dIg=",
        "owner": "rescript-lang",
        "repo": "vim-rescript",
        "rev": "2065f4e1d319ffd4ff7046879f270ebbadda873e",
        "type": "github"
      },
      "original": {
        "owner": "rescript-lang",
        "repo": "vim-rescript",
        "type": "github"
      }
    }
  },
  "root": "root",
  "version": 7
}
